
Microsoft Visual Studio Solution File, Format Version 12.00
# Visual Studio Version 17
VisualStudioVersion = 17.10.35013.160
MinimumVisualStudioVersion = 10.0.40219.1
Project("{9A19103F-16F7-4668-BE54-9A1E7A4F7556}") = "MoleculeCounter", "MoleculeCounter\MoleculeCounter.csproj", "{0A44331B-616A-44AC-A1D4-A2D3618B6228}"
EndProject
Project("{C7167F0D-BC9F-4E6E-AFE1-012C56B48DB5}") = "WapProjTemplate", "WapProjTemplate\WapProjTemplate.wapproj", "{99311884-F74E-42E8-B034-ECA9AB0DCAC4}"
EndProject
Global
	GlobalSection(SolutionConfigurationPlatforms) = preSolution
		Debug|Any CPU = Debug|Any CPU
		Debug|ARM = Debug|ARM
		Debug|ARM64 = Debug|ARM64
		Debug|x64 = Debug|x64
		Debug|x86 = Debug|x86
		Release|Any CPU = Release|Any CPU
		Release|ARM = Release|ARM
		Release|ARM64 = Release|ARM64
		Release|x64 = Release|x64
		Release|x86 = Release|x86
	EndGlobalSection
	GlobalSection(ProjectConfigurationPlatforms) = postSolution
		{0A44331B-616A-44AC-A1D4-A2D3618B6228}.Debug|Any CPU.ActiveCfg = Debug|Any CPU
		{0A44331B-616A-44AC-A1D4-A2D3618B6228}.Debug|Any CPU.Build.0 = Debug|Any CPU
		{0A44331B-616A-44AC-A1D4-A2D3618B6228}.Debug|ARM.ActiveCfg = Debug|Any CPU
		{0A44331B-616A-44AC-A1D4-A2D3618B6228}.Debug|ARM.Build.0 = Debug|Any CPU
		{0A44331B-616A-44AC-A1D4-A2D3618B6228}.Debug|ARM64.ActiveCfg = Debug|Any CPU
		{0A44331B-616A-44AC-A1D4-A2D3618B6228}.Debug|ARM64.Build.0 = Debug|Any CPU
		{0A44331B-616A-44AC-A1D4-A2D3618B6228}.Debug|x64.ActiveCfg = Debug|Any CPU
		{0A44331B-616A-44AC-A1D4-A2D3618B6228}.Debug|x64.Build.0 = Debug|Any CPU
		{0A44331B-616A-44AC-A1D4-A2D3618B6228}.Debug|x86.ActiveCfg = Debug|Any CPU
		{0A44331B-616A-44AC-A1D4-A2D3618B6228}.Debug|x86.Build.0 = Debug|Any CPU
		{0A44331B-616A-44AC-A1D4-A2D3618B6228}.Release|Any CPU.ActiveCfg = Release|Any CPU
		{0A44331B-616A-44AC-A1D4-A2D3618B6228}.Release|Any CPU.Build.0 = Release|Any CPU
		{0A44331B-616A-44AC-A1D4-A2D3618B6228}.Release|ARM.ActiveCfg = Release|Any CPU
		{0A44331B-616A-44AC-A1D4-A2D3618B6228}.Release|ARM.Build.0 = Release|Any CPU
		{0A44331B-616A-44AC-A1D4-A2D3618B6228}.Release|ARM64.ActiveCfg = Release|Any CPU
		{0A44331B-616A-44AC-A1D4-A2D3618B6228}.Release|ARM64.Build.0 = Release|Any CPU
		{0A44331B-616A-44AC-A1D4-A2D3618B6228}.Release|x64.ActiveCfg = Release|Any CPU
		{0A44331B-616A-44AC-A1D4-A2D3618B6228}.Release|x64.Build.0 = Release|Any CPU
		{0A44331B-616A-44AC-A1D4-A2D3618B6228}.Release|x86.ActiveCfg = Release|Any CPU
		{0A44331B-616A-44AC-A1D4-A2D3618B6228}.Release|x86.Build.0 = Release|Any CPU
		{99311884-F74E-42E8-B034-ECA9AB0DCAC4}.Debug|Any CPU.ActiveCfg = Debug|Any CPU
		{99311884-F74E-42E8-B034-ECA9AB0DCAC4}.Debug|Any CPU.Build.0 = Debug|Any CPU
		{99311884-F74E-42E8-B034-ECA9AB0DCAC4}.Debug|Any CPU.Deploy.0 = Debug|Any CPU
		{99311884-F74E-42E8-B034-ECA9AB0DCAC4}.Debug|ARM.ActiveCfg = Debug|ARM
		{99311884-F74E-42E8-B034-ECA9AB0DCAC4}.Debug|ARM.Build.0 = Debug|ARM
		{99311884-F74E-42E8-B034-ECA9AB0DCAC4}.Debug|ARM.Deploy.0 = Debug|ARM
		{99311884-F74E-42E8-B034-ECA9AB0DCAC4}.Debug|ARM64.ActiveCfg = Debug|ARM64
		{99311884-F74E-42E8-B034-ECA9AB0DCAC4}.Debug|ARM64.Build.0 = Debug|ARM64
		{99311884-F74E-42E8-B034-ECA9AB0DCAC4}.Debug|ARM64.Deploy.0 = Debug|ARM64
		{99311884-F74E-42E8-B034-ECA9AB0DCAC4}.Debug|x64.ActiveCfg = Debug|x64
		{99311884-F74E-42E8-B034-ECA9AB0DCAC4}.Debug|x64.Build.0 = Debug|x64
		{99311884-F74E-42E8-B034-ECA9AB0DCAC4}.Debug|x64.Deploy.0 = Debug|x64
		{99311884-F74E-42E8-B034-ECA9AB0DCAC4}.Debug|x86.ActiveCfg = Debug|x86
		{99311884-F74E-42E8-B034-ECA9AB0DCAC4}.Debug|x86.Build.0 = Debug|x86
		{99311884-F74E-42E8-B034-ECA9AB0DCAC4}.Debug|x86.Deploy.0 = Debug|x86
		{99311884-F74E-42E8-B034-ECA9AB0DCAC4}.Release|Any CPU.ActiveCfg = Release|Any CPU
		{99311884-F74E-42E8-B034-ECA9AB0DCAC4}.Release|Any CPU.Build.0 = Release|Any CPU
		{99311884-F74E-42E8-B034-ECA9AB0DCAC4}.Release|Any CPU.Deploy.0 = Release|Any CPU
		{99311884-F74E-42E8-B034-ECA9AB0DCAC4}.Release|ARM.ActiveCfg = Release|ARM
		{99311884-F74E-42E8-B034-ECA9AB0DCAC4}.Release|ARM.Build.0 = Release|ARM
		{99311884-F74E-42E8-B034-ECA9AB0DCAC4}.Release|ARM.Deploy.0 = Release|ARM
		{99311884-F74E-42E8-B034-ECA9AB0DCAC4}.Release|ARM64.ActiveCfg = Release|ARM64
		{99311884-F74E-42E8-B034-ECA9AB0DCAC4}.Release|ARM64.Build.0 = Release|ARM64
		{99311884-F74E-42E8-B034-ECA9AB0DCAC4}.Release|ARM64.Deploy.0 = Release|ARM64
		{99311884-F74E-42E8-B034-ECA9AB0DCAC4}.Release|x64.ActiveCfg = Release|x64
		{99311884-F74E-42E8-B034-ECA9AB0DCAC4}.Release|x64.Build.0 = Release|x64
		{99311884-F74E-42E8-B034-ECA9AB0DCAC4}.Release|x64.Deploy.0 = Release|x64
		{99311884-F74E-42E8-B034-ECA9AB0DCAC4}.Release|x86.ActiveCfg = Release|x86
		{99311884-F74E-42E8-B034-ECA9AB0DCAC4}.Release|x86.Build.0 = Release|x86
		{99311884-F74E-42E8-B034-ECA9AB0DCAC4}.Release|x86.Deploy.0 = Release|x86
	EndGlobalSection
	GlobalSection(SolutionProperties) = preSolution
		HideSolutionNode = FALSE
	EndGlobalSection
	GlobalSection(ExtensibilityGlobals) = postSolution
		SolutionGuid = {872D3037-D00A-4B54-A917-326D14F6CEA9}
	EndGlobalSection
EndGlobal
